# This file is autogenerated, do not edit; changes may be undone by the next 'dep ensure'.


[[projects]]
  name = "github.com/cpuguy83/go-md2man"
  packages = ["md2man"]
  revision = "7762f7e404f8416dfa1d9bb6a8c192aa9acb4d19"
  version = "v1.0.10"

[[projects]]
  name = "github.com/estebanborai/aux-cli"
  packages = ["src/command","src/util"]
  revision = "9457829c4698f1de817d3bf999108217b10504aa"
  version = "0.0.0+unix01"

[[projects]]
  branch = "master"
  name = "github.com/nfnt/resize"
  packages = ["."]
  revision = "83c6a9932646f83e3267f353373d47347b6036b2"

[[projects]]
  name = "github.com/russross/blackfriday"
  packages = ["."]
  revision = "d3b5b032dc8e8927d31a5071b56e14c89f045135"
  version = "v2.0.1"

[[projects]]
  name = "github.com/shurcooL/sanitized_anchor_name"
  packages = ["."]
  revision = "7bfe4c7ecddb3666a94b053b422cdd8f5aaa3615"
  version = "v1.0.0"

[[projects]]
  name = "github.com/urfave/cli"
  packages = ["."]
  revision = "bfe2e925cfb6d44b40ad3a779165ea7e8aff9212"
  version = "v1.22.0"

[solve-meta]
  analyzer-name = "dep"
  analyzer-version = 1
  inputs-digest = "10602f4fbcf2c52d2d6e10f210d2099d8b6dfe13ce1662cbcc59510e1d1d27df"
  solver-name = "gps-cdcl"
  solver-version = 1
